
Microsoft Visual Studio Solution File, Format Version 12.00
# Visual Studio Version 17
VisualStudioVersion = 17.9.34607.119
MinimumVisualStudioVersion = 10.0.40219.1
Project("{FAE04EC0-301F-11D3-BF4B-00C04F79EFBC}") = "sorting", "sorting.csproj", "{A05496AC-4FA0-44C1-AD48-075BC2703C70}"
EndProject
Global
	GlobalSection(SolutionConfigurationPlatforms) = preSolution
		Debug|Any CPU = Debug|Any CPU
		Release|Any CPU = Release|Any CPU
	EndGlobalSection
	GlobalSection(ProjectConfigurationPlatforms) = postSolution
		{A05496AC-4FA0-44C1-AD48-075BC2703C70}.Debug|Any CPU.ActiveCfg = Debug|Any CPU
		{A05496AC-4FA0-44C1-AD48-075BC2703C70}.Debug|Any CPU.Build.0 = Debug|Any CPU
		{A05496AC-4FA0-44C1-AD48-075BC2703C70}.Release|Any CPU.ActiveCfg = Release|Any CPU
		{A05496AC-4FA0-44C1-AD48-075BC2703C70}.Release|Any CPU.Build.0 = Release|Any CPU
	EndGlobalSection
	GlobalSection(SolutionProperties) = preSolution
		HideSolutionNode = FALSE
	EndGlobalSection
	GlobalSection(ExtensibilityGlobals) = postSolution
		SolutionGuid = {6A23A34E-F00D-498D-99D9-7202096A8F53}
	EndGlobalSection
EndGlobal
